# THIS IS AN AUTOGENERATED FILE. DO NOT EDIT THIS FILE DIRECTLY.
# yarn lockfile v1


arr-diff@^2.0.0:
  version "2.0.0"
  resolved "https://registry.yarnpkg.com/arr-diff/-/arr-diff-2.0.0.tgz#8f3b827f955a8bd669697e4a4256ac3ceae356cf"
  dependencies:
    arr-flatten "^1.0.1"

arr-filter@^1.1.0:
  version "1.1.1"
  resolved "https://registry.yarnpkg.com/arr-filter/-/arr-filter-1.1.1.tgz#5aabe343f7bf21ddb2c54e7befafff4406aacc49"
  dependencies:
    make-iterator "^0.2.0"

arr-flatten@^1.0.1:
  version "1.0.1"
  resolved "https://registry.yarnpkg.com/arr-flatten/-/arr-flatten-1.0.1.tgz#e5ffe54d45e19f32f216e91eb99c8ce892bb604b"

array-differ@^1.0.0:
  version "1.0.0"
  resolved "https://registry.yarnpkg.com/array-differ/-/array-differ-1.0.0.tgz#eff52e3758249d33be402b8bb8e564bb2b5d4031"

array-every@^0.1.2:
  version "0.1.2"
  resolved "https://registry.yarnpkg.com/array-every/-/array-every-0.1.2.tgz#be54cf7fbfc4c4777bba85c7af7edac2836d83ed"
  dependencies:
    make-iterator "^0.1.1"

array-intersection@^0.1.2:
  version "0.1.2"
  resolved "https://registry.yarnpkg.com/array-intersection/-/array-intersection-0.1.2.tgz#b14ef021df25e9c9d804116c847cc6a0d67cface"
  dependencies:
    array-every "^0.1.2"
    array-slice "^0.2.3"
    array-unique "^0.2.1"
    filter-array "^0.2.0"
    index-of "^0.1.1"

array-iterate@^1.0.0:
  version "1.1.0"
  resolved "https://registry.yarnpkg.com/array-iterate/-/array-iterate-1.1.0.tgz#4f13148ffffa5f2756b50460e5eac8eed31a14e6"
  dependencies:
    has "^1.0.1"

array-slice@^0.2.3:
  version "0.2.3"
  resolved "https://registry.yarnpkg.com/array-slice/-/array-slice-0.2.3.tgz#dd3cfb80ed7973a75117cdac69b0b99ec86186f5"

array-unique@^0.2.1:
  version "0.2.1"
  resolved "https://registry.yarnpkg.com/array-unique/-/array-unique-0.2.1.tgz#a1d97ccafcbc2625cc70fadceb36a50c58b01a53"

async-to-gen@1.3.0:
  version "1.3.0"
  resolved "https://registry.yarnpkg.com/async-to-gen/-/async-to-gen-1.3.0.tgz#ec1ab301ca5881de64e8ad654cd96bfd5fcc4366"
  dependencies:
    babylon "^6.14.0"
    magic-string "^0.19.0"

automated-readability@^1.0.0:
  version "1.0.0"
  resolved "https://registry.yarnpkg.com/automated-readability/-/automated-readability-1.0.0.tgz#6460ac2f7f0b5aeef0e8ca7b385d3e8c82ac6c7e"

babylon@^6.14.0:
  version "6.15.0"
  resolved "https://registry.yarnpkg.com/babylon/-/babylon-6.15.0.tgz#ba65cfa1a80e1759b0e89fb562e27dccae70348e"

bail@^1.0.0:
  version "1.0.1"
  resolved "https://registry.yarnpkg.com/bail/-/bail-1.0.1.tgz#912579de8b391aadf3c5fdf4cd2a0fc225df3bc2"

braces@^1.8.2:
  version "1.8.5"
  resolved "https://registry.yarnpkg.com/braces/-/braces-1.8.5.tgz#ba77962e12dff969d6b76711e914b737857bf6a7"
  dependencies:
    expand-range "^1.8.1"
    preserve "^0.2.0"
    repeat-element "^1.1.2"

bytes@2.4.0:
  version "2.4.0"
  resolved "https://registry.yarnpkg.com/bytes/-/bytes-2.4.0.tgz#7d97196f9d5baf7f6935e25985549edd2a6c2339"

coleman-liau@^1.0.0:
  version "1.0.0"
  resolved "https://registry.yarnpkg.com/coleman-liau/-/coleman-liau-1.0.0.tgz#de1f39901e164f49eff2a6ec88f3a9dbbb6686c1"

cuss@^1.3.0:
  version "1.3.0"
  resolved "https://registry.yarnpkg.com/cuss/-/cuss-1.3.0.tgz#3e505cf7bc79b3e4c9d17ad6ab714f5ef5026b41"

dale-chall-formula@^1.0.0:
  version "1.0.0"
  resolved "https://registry.yarnpkg.com/dale-chall-formula/-/dale-chall-formula-1.0.0.tgz#a00df0a1c161ce4bd9a30422e41e953103a4ecc9"

dale-chall@^1.0.0:
  version "1.0.0"
  resolved "https://registry.yarnpkg.com/dale-chall/-/dale-chall-1.0.0.tgz#7f6e7ca357bdb3552c1ddb3c750bd9300cb895b7"

dictionary-en-gb@^1.2.0:
  version "1.2.0"
  resolved "https://registry.yarnpkg.com/dictionary-en-gb/-/dictionary-en-gb-1.2.0.tgz#e5e08a36dd67e757453c711dd29de9b60f2e1160"

expand-brackets@^0.1.4:
  version "0.1.5"
  resolved "https://registry.yarnpkg.com/expand-brackets/-/expand-brackets-0.1.5.tgz#df07284e342a807cd733ac5af72411e581d1177b"
  dependencies:
    is-posix-bracket "^0.1.0"

expand-range@^1.8.1:
  version "1.8.2"
  resolved "https://registry.yarnpkg.com/expand-range/-/expand-range-1.8.2.tgz#a299effd335fe2721ebae8e257ec79644fc85337"
  dependencies:
    fill-range "^2.1.0"

extend@^3.0.0:
  version "3.0.0"
  resolved "https://registry.yarnpkg.com/extend/-/extend-3.0.0.tgz#5a474353b9f3353ddd8176dfd37b91c83a46f1d4"

extglob@^0.3.1:
  version "0.3.2"
  resolved "https://registry.yarnpkg.com/extglob/-/extglob-0.3.2.tgz#2e18ff3d2f49ab2765cec9023f011daa8d8349a1"
  dependencies:
    is-extglob "^1.0.0"

filename-regex@^2.0.0:
  version "2.0.0"
  resolved "https://registry.yarnpkg.com/filename-regex/-/filename-regex-2.0.0.tgz#996e3e80479b98b9897f15a8a58b3d084e926775"

fill-range@^2.1.0:
  version "2.2.3"
  resolved "https://registry.yarnpkg.com/fill-range/-/fill-range-2.2.3.tgz#50b77dfd7e469bc7492470963699fe7a8485a723"
  dependencies:
    is-number "^2.1.0"
    isobject "^2.0.0"
    randomatic "^1.1.3"
    repeat-element "^1.1.2"
    repeat-string "^1.5.2"

filter-array@^0.2.0:
  version "0.2.0"
  resolved "https://registry.yarnpkg.com/filter-array/-/filter-array-0.2.0.tgz#9f6f4ceaf5b5e8a6b674a5b5460537714a8c51f1"
  dependencies:
    arr-filter "^1.1.0"
    kind-of "^1.1.0"
    micromatch "^2.1.0"

flesch@^1.0.0:
  version "1.0.0"
  resolved "https://registry.yarnpkg.com/flesch/-/flesch-1.0.0.tgz#96bfaee5e208264ff63c4447c4f124b5d4361cd5"

for-in@^0.1.5:
  version "0.1.6"
  resolved "https://registry.yarnpkg.com/for-in/-/for-in-0.1.6.tgz#c9f96e89bfad18a545af5ec3ed352a1d9e5b4dc8"

for-own@^0.1.1, for-own@^0.1.4:
  version "0.1.4"
  resolved "https://registry.yarnpkg.com/for-own/-/for-own-0.1.4.tgz#0149b41a39088c7515f51ebe1c1386d45f935072"
  dependencies:
    for-in "^0.1.5"

function-bind@^1.0.2:
  version "1.1.0"
  resolved "https://registry.yarnpkg.com/function-bind/-/function-bind-1.1.0.tgz#16176714c801798e4e8f2cf7f7529467bb4a5771"

glob-base@^0.3.0:
  version "0.3.0"
  resolved "https://registry.yarnpkg.com/glob-base/-/glob-base-0.3.0.tgz#dbb164f6221b1c0b1ccf82aea328b497df0ea3c4"
  dependencies:
    glob-parent "^2.0.0"
    is-glob "^2.0.0"

glob-parent@^2.0.0:
  version "2.0.0"
  resolved "https://registry.yarnpkg.com/glob-parent/-/glob-parent-2.0.0.tgz#81383d72db054fcccf5336daa902f182f6edbb28"
  dependencies:
    is-glob "^2.0.0"

gunning-fog@^1.0.0:
  version "1.0.1"
  resolved "https://registry.yarnpkg.com/gunning-fog/-/gunning-fog-1.0.1.tgz#4933fb345a683cbc4190fa5c6a52dccc05164187"

has@^1.0.1:
  version "1.0.1"
  resolved "https://registry.yarnpkg.com/has/-/has-1.0.1.tgz#8461733f538b0837c9361e39a9ab9e9704dc2f28"
  dependencies:
    function-bind "^1.0.2"

iconv-lite@0.4.15:
  version "0.4.15"
  resolved "https://registry.yarnpkg.com/iconv-lite/-/iconv-lite-0.4.15.tgz#fe265a218ac6a57cfe854927e9d04c19825eddeb"

index-of@^0.1.1:
  version "0.1.1"
  resolved "https://registry.yarnpkg.com/index-of/-/index-of-0.1.1.tgz#d855af36341b284dad61bbd71695c6c694c157ac"

inherits@^2.0.1:
  version "2.0.3"
  resolved "https://registry.yarnpkg.com/inherits/-/inherits-2.0.3.tgz#633c2c83e3da42a502f52466022480f4208261de"

is-async-supported@1.2.0:
  version "1.2.0"
  resolved "https://registry.yarnpkg.com/is-async-supported/-/is-async-supported-1.2.0.tgz#20d58ac4d6707eb1cb3712dd38480c0536f27c07"

is-buffer@^1.0.2, is-buffer@^1.1.4:
  version "1.1.4"
  resolved "https://registry.yarnpkg.com/is-buffer/-/is-buffer-1.1.4.tgz#cfc86ccd5dc5a52fa80489111c6920c457e2d98b"

is-dotfile@^1.0.0:
  version "1.0.2"
  resolved "https://registry.yarnpkg.com/is-dotfile/-/is-dotfile-1.0.2.tgz#2c132383f39199f8edc268ca01b9b007d205cc4d"

is-equal-shallow@^0.1.3:
  version "0.1.3"
  resolved "https://registry.yarnpkg.com/is-equal-shallow/-/is-equal-shallow-0.1.3.tgz#2238098fc221de0bcfa5d9eac4c45d638aa1c534"
  dependencies:
    is-primitive "^2.0.0"

is-extendable@^0.1.1:
  version "0.1.1"
  resolved "https://registry.yarnpkg.com/is-extendable/-/is-extendable-0.1.1.tgz#62b110e289a471418e3ec36a617d472e301dfc89"

is-extglob@^1.0.0:
  version "1.0.0"
  resolved "https://registry.yarnpkg.com/is-extglob/-/is-extglob-1.0.0.tgz#ac468177c4943405a092fc8f29760c6ffc6206c0"

is-glob@^2.0.0, is-glob@^2.0.1:
  version "2.0.1"
  resolved "https://registry.yarnpkg.com/is-glob/-/is-glob-2.0.1.tgz#d096f926a3ded5600f3fdfd91198cb0888c2d863"
  dependencies:
    is-extglob "^1.0.0"

is-number@^2.0.2, is-number@^2.1.0:
  version "2.1.0"
  resolved "https://registry.yarnpkg.com/is-number/-/is-number-2.1.0.tgz#01fcbbb393463a548f2f466cce16dece49db908f"
  dependencies:
    kind-of "^3.0.2"

is-posix-bracket@^0.1.0:
  version "0.1.1"
  resolved "https://registry.yarnpkg.com/is-posix-bracket/-/is-posix-bracket-0.1.1.tgz#3334dc79774368e92f016e6fbc0a88f5cd6e6bc4"

is-primitive@^2.0.0:
  version "2.0.0"
  resolved "https://registry.yarnpkg.com/is-primitive/-/is-primitive-2.0.0.tgz#207bab91638499c07b2adf240a41a87210034575"

isarray@1.0.0:
  version "1.0.0"
  resolved "https://registry.yarnpkg.com/isarray/-/isarray-1.0.0.tgz#bb935d48582cba168c06834957a54a3e07124f11"

isobject@^2.0.0:
  version "2.1.0"
  resolved "https://registry.yarnpkg.com/isobject/-/isobject-2.1.0.tgz#f065561096a3f1da2ef46272f815c840d87e0c89"
  dependencies:
    isarray "1.0.0"

isstream@0.1.2:
  version "0.1.2"
  resolved "https://registry.yarnpkg.com/isstream/-/isstream-0.1.2.tgz#47e63f7af55afa6f92e1500e690eb8b8529c099a"

kind-of@^1.1.0:
  version "1.1.0"
  resolved "https://registry.yarnpkg.com/kind-of/-/kind-of-1.1.0.tgz#140a3d2d41a36d2efcfa9377b62c24f8495a5c44"

kind-of@^3.0.2, kind-of@^3.0.3:
  version "3.1.0"
  resolved "https://registry.yarnpkg.com/kind-of/-/kind-of-3.1.0.tgz#475d698a5e49ff5e53d14e3e732429dc8bf4cf47"
  dependencies:
    is-buffer "^1.0.2"

lodash.difference@^4.4.0:
  version "4.5.0"
  resolved "https://registry.yarnpkg.com/lodash.difference/-/lodash.difference-4.5.0.tgz#9ccb4e505d486b91651345772885a2df27fd017c"

lodash.includes@^4.2.0:
  version "4.3.0"
  resolved "https://registry.yarnpkg.com/lodash.includes/-/lodash.includes-4.3.0.tgz#60bb98a87cb923c68ca1e51325483314849f553f"

magic-string@^0.19.0:
  version "0.19.0"
  resolved "https://registry.yarnpkg.com/magic-string/-/magic-string-0.19.0.tgz#198948217254e3e0b93080e01146b7c73b2a06b2"
  dependencies:
    vlq "^0.2.1"

make-iterator@^0.1.1:
  version "0.1.1"
  resolved "https://registry.yarnpkg.com/make-iterator/-/make-iterator-0.1.1.tgz#873d27b8198a465a81483b6f5d16da4e863ecf5b"
  dependencies:
    for-own "^0.1.1"

make-iterator@^0.2.0:
  version "0.2.1"
  resolved "https://registry.yarnpkg.com/make-iterator/-/make-iterator-0.2.1.tgz#a19c660132b54ae6d64f881ec14056c746dbe972"
  dependencies:
    kind-of "^3.0.3"

match-casing@^1.0.0:
  version "1.0.0"
  resolved "https://registry.yarnpkg.com/match-casing/-/match-casing-1.0.0.tgz#b9d8f836ed2d6c5fa3c78bff4458efd894b371a4"

media-typer@0.3.0:
  version "0.3.0"
  resolved "https://registry.yarnpkg.com/media-typer/-/media-typer-0.3.0.tgz#8710d7af0aa626f8fffa1ce00168545263255748"

micro-cors@^0.0.1:
  version "0.0.1"
  resolved "https://registry.yarnpkg.com/micro-cors/-/micro-cors-0.0.1.tgz#f3e1f85936e33bf15d321ba57938a6407e1976fa"

micro@^6.2.0:
  version "6.2.0"
  resolved "https://registry.yarnpkg.com/micro/-/micro-6.2.0.tgz#088e86898de55760f266531f48bdd878572ecf9d"
  dependencies:
    async-to-gen "1.3.0"
    is-async-supported "1.2.0"
    isstream "0.1.2"
    media-typer "0.3.0"
    minimist "1.2.0"
    raw-body "2.2.0"

micromatch@^2.1.0:
  version "2.3.11"
  resolved "https://registry.yarnpkg.com/micromatch/-/micromatch-2.3.11.tgz#86677c97d1720b363431d04d0d15293bd38c1565"
  dependencies:
    arr-diff "^2.0.0"
    array-unique "^0.2.1"
    braces "^1.8.2"
    expand-brackets "^0.1.4"
    extglob "^0.3.1"
    filename-regex "^2.0.0"
    is-extglob "^1.0.0"
    is-glob "^2.0.1"
    kind-of "^3.0.2"
    normalize-path "^2.0.1"
    object.omit "^2.0.0"
    parse-glob "^3.0.4"
    regex-cache "^0.4.2"

minimist@1.2.0:
  version "1.2.0"
  resolved "https://registry.yarnpkg.com/minimist/-/minimist-1.2.0.tgz#a35008b20f41383eec1fb914f4cd5df79a264284"

nlcst-is-literal@^1.0.0, nlcst-is-literal@^1.1.0:
  version "1.1.0"
  resolved "https://registry.yarnpkg.com/nlcst-is-literal/-/nlcst-is-literal-1.1.0.tgz#d7a442b333cf744a00a946c637edcf08a2d7dad5"
  dependencies:
    nlcst-to-string "^2.0.0"

nlcst-normalize@^2.0.0, nlcst-normalize@^2.1.0:
  version "2.1.0"
  resolved "https://registry.yarnpkg.com/nlcst-normalize/-/nlcst-normalize-2.1.0.tgz#4891c869e9bc769e604392db556a081f48d15896"
  dependencies:
    nlcst-to-string "^2.0.0"

nlcst-search@^1.0.0, nlcst-search@^1.1.1:
  version "1.4.0"
  resolved "https://registry.yarnpkg.com/nlcst-search/-/nlcst-search-1.4.0.tgz#c6b0ea9044081d94fba9c4d8a8e7f74daa868559"
  dependencies:
    has "^1.0.1"
    nlcst-is-literal "^1.1.0"
    nlcst-normalize "^2.1.0"
    unist-util-visit "^1.0.0"

nlcst-to-string@^1.0.0, nlcst-to-string@^1.1.0:
  version "1.1.0"
  resolved "https://registry.yarnpkg.com/nlcst-to-string/-/nlcst-to-string-1.1.0.tgz#12b2e59475ec29f7d61a146a79b3596dafcb344d"

nlcst-to-string@^2.0.0:
  version "2.0.0"
  resolved "https://registry.yarnpkg.com/nlcst-to-string/-/nlcst-to-string-2.0.0.tgz#fc9606b8c32d17caa827074f6ea44f83e3c7bd71"

normalize-path@^2.0.1:
  version "2.0.1"
  resolved "https://registry.yarnpkg.com/normalize-path/-/normalize-path-2.0.1.tgz#47886ac1662760d4261b7d979d241709d3ce3f7a"

normalize-strings@^1.1.0:
  version "1.1.0"
  resolved "https://registry.yarnpkg.com/normalize-strings/-/normalize-strings-1.1.0.tgz#b24a75ed48176394404f74649b5cb8040e899a75"

nspell@^1.0.0:
  version "1.0.2"
  resolved "https://registry.yarnpkg.com/nspell/-/nspell-1.0.2.tgz#834c1e46c39ca99b9d7f6d4c485ef76a8a711b8c"
  dependencies:
    has "^1.0.1"
    is-buffer "^1.1.4"
    trim "0.0.1"
    x-is-string "^0.1.0"

number-to-words@^1.2.3:
  version "1.2.3"
  resolved "https://registry.yarnpkg.com/number-to-words/-/number-to-words-1.2.3.tgz#4b713ab0c24015911187a0a03b59103569d7f49b"

object-keys@^1.0.7, object-keys@^1.0.9:
  version "1.0.11"
  resolved "https://registry.yarnpkg.com/object-keys/-/object-keys-1.0.11.tgz#c54601778ad560f1142ce0e01bcca8b56d13426d"

object.omit@^2.0.0:
  version "2.0.1"
  resolved "https://registry.yarnpkg.com/object.omit/-/object.omit-2.0.1.tgz#1a9c744829f39dbb858c76ca3579ae2a54ebd1fa"
  dependencies:
    for-own "^0.1.4"
    is-extendable "^0.1.1"

once@^1.3.3:
  version "1.4.0"
  resolved "https://registry.yarnpkg.com/once/-/once-1.4.0.tgz#583b1aa775961d4b113ac17d9c50baef9dd76bd1"
  dependencies:
    wrappy "1"

parse-glob@^3.0.4:
  version "3.0.4"
  resolved "https://registry.yarnpkg.com/parse-glob/-/parse-glob-3.0.4.tgz#b2c376cfb11f35513badd173ef0bb6e3a388391c"
  dependencies:
    glob-base "^0.3.0"
    is-dotfile "^1.0.0"
    is-extglob "^1.0.0"
    is-glob "^2.0.0"

parse-latin@^3.1.0:
  version "3.2.0"
  resolved "https://registry.yarnpkg.com/parse-latin/-/parse-latin-3.2.0.tgz#cfe4b420982b1d20fc16c71dfb33f148de4f1d0b"
  dependencies:
    nlcst-to-string "^2.0.0"
    unist-util-modify-children "^1.0.0"
    unist-util-visit-children "^1.0.0"

pluralize@^3.0.0:
  version "3.1.0"
  resolved "https://registry.yarnpkg.com/pluralize/-/pluralize-3.1.0.tgz#84213d0a12356069daa84060c559242633161368"

preserve@^0.2.0:
  version "0.2.0"
  resolved "https://registry.yarnpkg.com/preserve/-/preserve-0.2.0.tgz#815ed1f6ebc65926f865b310c0713bcb3315ce4b"

quotation@^1.0.0, quotation@^1.0.1, quotation@^1.1.0:
  version "1.1.0"
  resolved "https://registry.yarnpkg.com/quotation/-/quotation-1.1.0.tgz#3f9c9b2e7780856f27c5015bec628d690e82c70d"

randomatic@^1.1.3:
  version "1.1.6"
  resolved "https://registry.yarnpkg.com/randomatic/-/randomatic-1.1.6.tgz#110dcabff397e9dcff7c0789ccc0a49adf1ec5bb"
  dependencies:
    is-number "^2.0.2"
    kind-of "^3.0.2"

raw-body@2.2.0:
  version "2.2.0"
  resolved "https://registry.yarnpkg.com/raw-body/-/raw-body-2.2.0.tgz#994976cf6a5096a41162840492f0bdc5d6e7fb96"
  dependencies:
    bytes "2.4.0"
    iconv-lite "0.4.15"
    unpipe "1.0.0"

regex-cache@^0.4.2:
  version "0.4.3"
  resolved "https://registry.yarnpkg.com/regex-cache/-/regex-cache-0.4.3.tgz#9b1a6c35d4d0dfcef5711ae651e8e9d3d7114145"
  dependencies:
    is-equal-shallow "^0.1.3"
    is-primitive "^2.0.0"

repeat-element@^1.1.2:
  version "1.1.2"
  resolved "https://registry.yarnpkg.com/repeat-element/-/repeat-element-1.1.2.tgz#ef089a178d1483baae4d93eb98b4f9e4e11d990a"

repeat-string@^1.5.2:
  version "1.6.1"
  resolved "https://registry.yarnpkg.com/repeat-string/-/repeat-string-1.6.1.tgz#8dcae470e1c88abc2d600fff4a776286da75e637"

replace-ext@1.0.0:
  version "1.0.0"
  resolved "https://registry.yarnpkg.com/replace-ext/-/replace-ext-1.0.0.tgz#de63128373fcbf7c3ccfa4de5a480c45a67958eb"

retext-contractions@nodatall/retext-contractions:
  version "1.0.1"
  resolved "https://codeload.github.com/nodatall/retext-contractions/tar.gz/e37d8608080fd79267d97fed3466daaaded3c690"
  dependencies:
    has "^1.0.1"
    nlcst-is-literal "^1.0.0"
    nlcst-to-string "^2.0.0"
    unist-util-visit "^1.1.0"

retext-diacritics@nodatall/retext-diacritics:
  version "1.1.0"
  resolved "https://codeload.github.com/nodatall/retext-diacritics/tar.gz/8f15331bb835f8f9ff5d88bd5e7696527e487f2f"
  dependencies:
    match-casing "^1.0.0"
    nlcst-search "^1.0.0"
    nlcst-to-string "^2.0.0"
    object-keys "^1.0.9"
    quotation "^1.0.1"
    unist-util-position "^3.0.0"

retext-equality@nodatall/retext-equality:
  version "2.5.0"
  resolved "https://codeload.github.com/nodatall/retext-equality/tar.gz/a2376f87b7dd31b4499605f3b041b6978f5d4f7a"
  dependencies:
    array-differ "^1.0.0"
    array-intersection "^0.1.2"
    nlcst-normalize "^2.0.0"
    nlcst-search "^1.1.1"
    nlcst-to-string "^2.0.0"
    object-keys "^1.0.7"
    quotation "^1.0.1"
    unist-util-visit "^1.0.0"

retext-indefinite-article@nodatall/retext-indefinite-article:
  version "1.0.3"
  resolved "https://codeload.github.com/nodatall/retext-indefinite-article/tar.gz/68b3771ecd9c47e6f3155117f7e5decb9a55c4ab"
  dependencies:
    nlcst-to-string "^2.0.0"
    number-to-words "^1.2.3"
    unist-util-is "^2.0.0"
    unist-util-visit "^1.1.0"

retext-latin@^1.0.0:
  version "1.0.0"
  resolved "https://registry.yarnpkg.com/retext-latin/-/retext-latin-1.0.0.tgz#57f41257b4d857b6c6df631ca5788d10080d7051"
  dependencies:
    parse-latin "^3.1.0"
    unherit "^1.0.4"

retext-overuse@nodatall/retext-overuse:
  version "1.0.2"
  resolved "https://codeload.github.com/nodatall/retext-overuse/tar.gz/c5e925a02e0bf67f9710095b955f8659340b716f"
  dependencies:
    array-differ "^1.0.0"
    nlcst-search "^1.1.1"
    nlcst-to-string "^1.0.0"
    object-keys "^1.0.9"
    quotation "^1.0.1"
    stopwords "0.0.5"
    thesaurus "0.0.0"

retext-passive@nodatall/retext-passive:
  version "1.1.0"
  resolved "https://codeload.github.com/nodatall/retext-passive/tar.gz/c21fc7d2725f9d36ad42f70a37c87e0003122bee"
  dependencies:
    nlcst-search "^1.0.0"
    nlcst-to-string "^2.0.0"
    unist-util-find-before "^2.0.0"
    unist-util-position "^3.0.0"

retext-profanities@nodatall/retext-profanities:
  version "3.1.0"
  resolved "https://codeload.github.com/nodatall/retext-profanities/tar.gz/588a645c6c4e43f5f6aaf90ed20e18ce6648855d"
  dependencies:
    array-differ "^1.0.0"
    array-intersection "^0.1.2"
    cuss "^1.3.0"
    nlcst-search "^1.0.0"
    nlcst-to-string "^2.0.0"
    object-keys "^1.0.9"
    quotation "^1.0.0"

retext-readability@nodatall/retext-readability:
  version "3.2.0"
  resolved "https://codeload.github.com/nodatall/retext-readability/tar.gz/48dd4fb9df208163b7b9c90415a3df8edbf5f419"
  dependencies:
    automated-readability "^1.0.0"
    coleman-liau "^1.0.0"
    dale-chall "^1.0.0"
    dale-chall-formula "^1.0.0"
    flesch "^1.0.0"
    gunning-fog "^1.0.0"
    has "^1.0.1"
    nlcst-to-string "^2.0.0"
    smog-formula "^1.0.0"
    spache "^1.1.0"
    spache-formula "^1.0.0"
    syllable "^2.0.0"
    unist-util-visit "^1.0.0"

retext-redundant-acronyms@nodatall/retext-redundant-acronyms:
  version "1.0.0"
  resolved "https://codeload.github.com/nodatall/retext-redundant-acronyms/tar.gz/320765b61f391ac8e3f4ac9a86231f4d2b3b8965"
  dependencies:
    match-casing "^1.0.0"
    nlcst-search "^1.0.0"
    nlcst-to-string "^2.0.0"
    object-keys "^1.0.9"
    quotation "^1.0.1"
    unist-util-position "^3.0.0"

retext-repeated-words@nodatall/retext-repeated-words:
  version "1.1.0"
  resolved "https://codeload.github.com/nodatall/retext-repeated-words/tar.gz/b984bf48ffcae41064121e31a6845dac00ad7c9e"
  dependencies:
    nlcst-to-string "^2.0.0"
    unist-util-is "^2.0.0"
    unist-util-visit "^1.1.0"

retext-simplify@nodatall/retext-simplify:
  version "3.0.0"
  resolved "https://codeload.github.com/nodatall/retext-simplify/tar.gz/f46681def9b90d1d4d385e60bc7aa925f725eebf"
  dependencies:
    lodash.difference "^4.4.0"
    nlcst-search "^1.0.0"
    nlcst-to-string "^2.0.0"
    object-keys "^1.0.9"
    quotation "^1.0.0"
    unist-util-position "^3.0.0"

retext-spell@nodatall/retext-spell:
  version "1.0.0"
  resolved "https://codeload.github.com/nodatall/retext-spell/tar.gz/b0e28f9184e84476d43678a39bdc5245c1fd3624"
  dependencies:
    has "^1.0.1"
    lodash.includes "^4.2.0"
    nlcst-is-literal "^1.0.0"
    nlcst-to-string "^2.0.0"
    nspell "^1.0.0"
    quotation "^1.1.0"
    unist-util-visit "^1.0.0"

retext-stringify@^1.0.0:
  version "1.0.0"
  resolved "https://registry.yarnpkg.com/retext-stringify/-/retext-stringify-1.0.0.tgz#0032e4be3254ea56b19242ef406515479a3346a9"
  dependencies:
    nlcst-to-string "^2.0.0"

retext-usage@nodatall/retext-usage:
  version "0.2.0"
  resolved "https://codeload.github.com/nodatall/retext-usage/tar.gz/554ae8eae7ad1cc9f9dcd7adf7e6894997de64f7"
  dependencies:
    array-differ "^1.0.0"
    nlcst-search "^1.0.0"
    nlcst-to-string "^1.1.0"
    object-keys "^1.0.9"
    quotation "^1.0.0"

retext@^4.0.0:
  version "4.0.0"
  resolved "https://registry.yarnpkg.com/retext/-/retext-4.0.0.tgz#db12d45fe758530175f779176a112f5f73d22638"
  dependencies:
    retext-latin "^1.0.0"
    retext-stringify "^1.0.0"
    unified "^5.0.0"

smog-formula@^1.0.0:
  version "1.0.0"
  resolved "https://registry.yarnpkg.com/smog-formula/-/smog-formula-1.0.0.tgz#27415745afe07be12230d87f55a0d83d57898bda"

spache-formula@^1.0.0:
  version "1.0.0"
  resolved "https://registry.yarnpkg.com/spache-formula/-/spache-formula-1.0.0.tgz#16c859b7592e3851c9ce8d52c4cd6c4a50951381"

spache@^1.1.0:
  version "1.1.0"
  resolved "https://registry.yarnpkg.com/spache/-/spache-1.1.0.tgz#8c68ba807630f0199429c2035c82ed96f5438cd5"

stopwords@0.0.5:
  version "0.0.5"
  resolved "https://registry.yarnpkg.com/stopwords/-/stopwords-0.0.5.tgz#59ad9dceb96ea0fa27459e1cefe0ee0e6ddfd514"

syllable@^2.0.0:
  version "2.0.0"
  resolved "https://registry.yarnpkg.com/syllable/-/syllable-2.0.0.tgz#d4118d4fe8df943a045bad8b411748453c3613f1"
  dependencies:
    has "^1.0.1"
    normalize-strings "^1.1.0"
    pluralize "^3.0.0"
    trim "0.0.1"

thesaurus@0.0.0:
  version "0.0.0"
  resolved "https://registry.yarnpkg.com/thesaurus/-/thesaurus-0.0.0.tgz#0a3b3356fc1d818c6c16c23f56ba7f3c5a25c905"

trim@0.0.1:
  version "0.0.1"
  resolved "https://registry.yarnpkg.com/trim/-/trim-0.0.1.tgz#5858547f6b290757ee95cccc666fb50084c460dd"

trough@^1.0.0:
  version "1.0.0"
  resolved "https://registry.yarnpkg.com/trough/-/trough-1.0.0.tgz#6bdedfe7f2aa49a6f3c432257687555957f342fd"

unherit@^1.0.4:
  version "1.1.0"
  resolved "https://registry.yarnpkg.com/unherit/-/unherit-1.1.0.tgz#6b9aaedfbf73df1756ad9e316dd981885840cd7d"
  dependencies:
    inherits "^2.0.1"
    xtend "^4.0.1"

unified@^5.0.0:
  version "5.1.0"
  resolved "https://registry.yarnpkg.com/unified/-/unified-5.1.0.tgz#61268da9b91ce925be1f3d198c0278b0e9716094"
  dependencies:
    bail "^1.0.0"
    extend "^3.0.0"
    has "^1.0.1"
    is-buffer "^1.1.4"
    once "^1.3.3"
    trough "^1.0.0"
    vfile "^2.0.0"
    x-is-string "^0.1.0"

unist-util-find-before@^2.0.0:
  version "2.0.0"
  resolved "https://registry.yarnpkg.com/unist-util-find-before/-/unist-util-find-before-2.0.0.tgz#c0a33cdef4dc68e528ad470516704ef24187d52f"
  dependencies:
    unist-util-is "^2.0.0"

unist-util-is@^2.0.0:
  version "2.0.0"
  resolved "https://registry.yarnpkg.com/unist-util-is/-/unist-util-is-2.0.0.tgz#e536472c4f78739e164d0859fc3201b97cf46e7c"

unist-util-modify-children@^1.0.0:
  version "1.1.0"
  resolved "https://registry.yarnpkg.com/unist-util-modify-children/-/unist-util-modify-children-1.1.0.tgz#559203ae85d7a76283277be1abfbaf595a177ead"
  dependencies:
    array-iterate "^1.0.0"

unist-util-position@^3.0.0:
  version "3.0.0"
  resolved "https://registry.yarnpkg.com/unist-util-position/-/unist-util-position-3.0.0.tgz#e6e1e03eeeb81c5e1afe553e8d4adfbd7c0d8f82"

unist-util-stringify-position@^1.0.0:
  version "1.1.0"
  resolved "https://registry.yarnpkg.com/unist-util-stringify-position/-/unist-util-stringify-position-1.1.0.tgz#e8ba9d6b6af891b5f8336b3a31c63a9dc85c2af0"
  dependencies:
    has "^1.0.1"

unist-util-visit-children@^1.0.0:
  version "1.1.0"
  resolved "https://registry.yarnpkg.com/unist-util-visit-children/-/unist-util-visit-children-1.1.0.tgz#bf1cd7be3c0a4efd03d84a22dd0ee7db005a3f6b"

unist-util-visit@^1.0.0, unist-util-visit@^1.1.0:
  version "1.1.1"
  resolved "https://registry.yarnpkg.com/unist-util-visit/-/unist-util-visit-1.1.1.tgz#e917a3b137658b335cb4420c7da2e74d928e4e94"

unpipe@1.0.0:
  version "1.0.0"
  resolved "https://registry.yarnpkg.com/unpipe/-/unpipe-1.0.0.tgz#b2bf4ee8514aae6165b4817829d21b2ef49904ec"

vfile@^2.0.0:
  version "2.0.0"
  resolved "https://registry.yarnpkg.com/vfile/-/vfile-2.0.0.tgz#88620500e36bad025a0b01cc25106dbcb3090548"
  dependencies:
    has "^1.0.1"
    is-buffer "^1.1.4"
    replace-ext "1.0.0"
    unist-util-stringify-position "^1.0.0"
    x-is-string "^0.1.0"

vlq@^0.2.1:
  version "0.2.1"
  resolved "https://registry.yarnpkg.com/vlq/-/vlq-0.2.1.tgz#14439d711891e682535467f8587c5630e4222a6c"

wrappy@1:
  version "1.0.2"
  resolved "https://registry.yarnpkg.com/wrappy/-/wrappy-1.0.2.tgz#b5243d8f3ec1aa35f1364605bc0d1036e30ab69f"

x-is-string@^0.1.0:
  version "0.1.0"
  resolved "https://registry.yarnpkg.com/x-is-string/-/x-is-string-0.1.0.tgz#474b50865af3a49a9c4657f05acd145458f77d82"

xtend@^4.0.1:
  version "4.0.1"
  resolved "https://registry.yarnpkg.com/xtend/-/xtend-4.0.1.tgz#a5c6d532be656e23db820efb943a1f04998d63af"
